
Microsoft Visual Studio Solution File, Format Version 12.00
# Visual Studio Version 16
VisualStudioVersion = 16.0.31129.286
MinimumVisualStudioVersion = 10.0.40219.1
Project("{FAE04EC0-301F-11D3-BF4B-00C04F79EFBC}") = "LibrarieModele", "..\LibrarieModele\LibrarieModele.csproj", "{1317124E-C556-4AAC-AC5B-1DDB215DAF6B}"
EndProject
Project("{FAE04EC0-301F-11D3-BF4B-00C04F79EFBC}") = "NivelAccesDate", "..\NivelAccesDate\NivelAccesDate.csproj", "{C9420748-D1B7-4361-9E96-A7CCBFD3C33A}"
EndProject
Project("{FAE04EC0-301F-11D3-BF4B-00C04F79EFBC}") = "InterfataUtilizator_WindowsForms", "..\InterfataUtilizator_WindowsForms\InterfataUtilizator_WindowsForms.csproj", "{F21460B6-DEE8-48B3-B4DE-D8DCC97FFA37}"
EndProject
Global
	GlobalSection(SolutionConfigurationPlatforms) = preSolution
		Debug|Any CPU = Debug|Any CPU
		Release|Any CPU = Release|Any CPU
	EndGlobalSection
	GlobalSection(ProjectConfigurationPlatforms) = postSolution
		{1317124E-C556-4AAC-AC5B-1DDB215DAF6B}.Debug|Any CPU.ActiveCfg = Debug|Any CPU
		{1317124E-C556-4AAC-AC5B-1DDB215DAF6B}.Debug|Any CPU.Build.0 = Debug|Any CPU
		{1317124E-C556-4AAC-AC5B-1DDB215DAF6B}.Release|Any CPU.ActiveCfg = Release|Any CPU
		{1317124E-C556-4AAC-AC5B-1DDB215DAF6B}.Release|Any CPU.Build.0 = Release|Any CPU
		{C9420748-D1B7-4361-9E96-A7CCBFD3C33A}.Debug|Any CPU.ActiveCfg = Debug|Any CPU
		{C9420748-D1B7-4361-9E96-A7CCBFD3C33A}.Debug|Any CPU.Build.0 = Debug|Any CPU
		{C9420748-D1B7-4361-9E96-A7CCBFD3C33A}.Release|Any CPU.ActiveCfg = Release|Any CPU
		{C9420748-D1B7-4361-9E96-A7CCBFD3C33A}.Release|Any CPU.Build.0 = Release|Any CPU
		{F21460B6-DEE8-48B3-B4DE-D8DCC97FFA37}.Debug|Any CPU.ActiveCfg = Debug|Any CPU
		{F21460B6-DEE8-48B3-B4DE-D8DCC97FFA37}.Debug|Any CPU.Build.0 = Debug|Any CPU
		{F21460B6-DEE8-48B3-B4DE-D8DCC97FFA37}.Release|Any CPU.ActiveCfg = Release|Any CPU
		{F21460B6-DEE8-48B3-B4DE-D8DCC97FFA37}.Release|Any CPU.Build.0 = Release|Any CPU
	EndGlobalSection
	GlobalSection(SolutionProperties) = preSolution
		HideSolutionNode = FALSE
	EndGlobalSection
	GlobalSection(ExtensibilityGlobals) = postSolution
		SolutionGuid = {55A7EB7F-D17C-4A9B-806A-A480C7FABBC7}
	EndGlobalSection
EndGlobal
